
Microsoft Visual Studio Solution File, Format Version 12.00
# Visual Studio Version 17
VisualStudioVersion = 17.4.33020.496
MinimumVisualStudioVersion = 10.0.40219.1
Project("{9A19103F-16F7-4668-BE54-9A1E7A4F7556}") = "VM", "VM\VM.csproj", "{F736C956-C56B-4123-8AE3-011CCD34BE2C}"
EndProject
Global
	GlobalSection(SolutionConfigurationPlatforms) = preSolution
		Debug|Any CPU = Debug|Any CPU
		Debug|x64 = Debug|x64
		Debug|x86 = Debug|x86
		Release|Any CPU = Release|Any CPU
		Release|x64 = Release|x64
		Release|x86 = Release|x86
	EndGlobalSection
	GlobalSection(ProjectConfigurationPlatforms) = postSolution
		{F736C956-C56B-4123-8AE3-011CCD34BE2C}.Debug|Any CPU.ActiveCfg = Debug|Any CPU
		{F736C956-C56B-4123-8AE3-011CCD34BE2C}.Debug|Any CPU.Build.0 = Debug|Any CPU
		{F736C956-C56B-4123-8AE3-011CCD34BE2C}.Debug|x64.ActiveCfg = Debug|Any CPU
		{F736C956-C56B-4123-8AE3-011CCD34BE2C}.Debug|x64.Build.0 = Debug|Any CPU
		{F736C956-C56B-4123-8AE3-011CCD34BE2C}.Debug|x86.ActiveCfg = Debug|Any CPU
		{F736C956-C56B-4123-8AE3-011CCD34BE2C}.Debug|x86.Build.0 = Debug|Any CPU
		{F736C956-C56B-4123-8AE3-011CCD34BE2C}.Release|Any CPU.ActiveCfg = Release|Any CPU
		{F736C956-C56B-4123-8AE3-011CCD34BE2C}.Release|Any CPU.Build.0 = Release|Any CPU
		{F736C956-C56B-4123-8AE3-011CCD34BE2C}.Release|x64.ActiveCfg = Release|Any CPU
		{F736C956-C56B-4123-8AE3-011CCD34BE2C}.Release|x64.Build.0 = Release|Any CPU
		{F736C956-C56B-4123-8AE3-011CCD34BE2C}.Release|x86.ActiveCfg = Release|Any CPU
		{F736C956-C56B-4123-8AE3-011CCD34BE2C}.Release|x86.Build.0 = Release|Any CPU
	EndGlobalSection
	GlobalSection(SolutionProperties) = preSolution
		HideSolutionNode = FALSE
	EndGlobalSection
	GlobalSection(ExtensibilityGlobals) = postSolution
		SolutionGuid = {162BAAF2-E010-4E92-884D-6B95B2FC17A7}
	EndGlobalSection
EndGlobal
