
Microsoft Visual Studio Solution File, Format Version 12.00
# Visual Studio Version 17
VisualStudioVersion = 17.1.32421.90
MinimumVisualStudioVersion = 10.0.40219.1
Project("{FAE04EC0-301F-11D3-BF4B-00C04F79EFBC}") = "ZVM", "ZVM\ZVM.csproj", "{0B8346C2-ACFE-4A27-AC95-1361A28A9D2E}"
EndProject
Global
	GlobalSection(SolutionConfigurationPlatforms) = preSolution
		Debug|Any CPU = Debug|Any CPU
		Release|Any CPU = Release|Any CPU
	EndGlobalSection
	GlobalSection(ProjectConfigurationPlatforms) = postSolution
		{0B8346C2-ACFE-4A27-AC95-1361A28A9D2E}.Debug|Any CPU.ActiveCfg = Debug|Any CPU
		{0B8346C2-ACFE-4A27-AC95-1361A28A9D2E}.Debug|Any CPU.Build.0 = Debug|Any CPU
		{0B8346C2-ACFE-4A27-AC95-1361A28A9D2E}.Release|Any CPU.ActiveCfg = Release|Any CPU
		{0B8346C2-ACFE-4A27-AC95-1361A28A9D2E}.Release|Any CPU.Build.0 = Release|Any CPU
	EndGlobalSection
	GlobalSection(SolutionProperties) = preSolution
		HideSolutionNode = FALSE
	EndGlobalSection
	GlobalSection(ExtensibilityGlobals) = postSolution
		SolutionGuid = {2CC1DAE7-D3AE-4B16-B053-49D43B06FC90}
	EndGlobalSection
EndGlobal
